// !$*UTF8*$!
{
	archiveVersion = 1;
	classes = {
	};
	objectVersion = 50;
	objects = {

/* Begin PBXBuildFile section */
		3F797C86223C120500071B42 /* Network.h in Headers */ = {isa = PBXBuildFile; fileRef = 3F797C85223C120500071B42 /* Network.h */; };
		3F797C88223C120500071B42 /* Network.m in Sources */ = {isa = PBXBuildFile; fileRef = 3F797C87223C120500071B42 /* Network.m */; };
		3F797C8A223C120500071B42 /* Network.tiff in Resources */ = {isa = PBXBuildFile; fileRef = 3F797C89223C120500071B42 /* Network.tiff */; };
		3F797C8D223C120500071B42 /* Network.xib in Resources */ = {isa = PBXBuildFile; fileRef = 3F797C8B223C120500071B42 /* Network.xib */; };
		3F797C98223C33F100071B42 /* AppLock.png in Resources */ = {isa = PBXBuildFile; fileRef = 3F797C94223C33F100071B42 /* AppLock.png */; };
		3F797C99223C33F100071B42 /* yellow.tiff in Resources */ = {isa = PBXBuildFile; fileRef = 3F797C95223C33F100071B42 /* yellow.tiff */; };
		3F797C9A223C33F100071B42 /* red.tiff in Resources */ = {isa = PBXBuildFile; fileRef = 3F797C96223C33F100071B42 /* red.tiff */; };
		3F797C9B223C33F100071B42 /* green.tiff in Resources */ = {isa = PBXBuildFile; fileRef = 3F797C97223C33F100071B42 /* green.tiff */; };
		3F797C9F223C34EF00071B42 /* BlueTooth.tiff in Resources */ = {isa = PBXBuildFile; fileRef = 3F797C9C223C34EF00071B42 /* BlueTooth.tiff */; };
		3F797CA0223C34EF00071B42 /* Ethernet.tiff in Resources */ = {isa = PBXBuildFile; fileRef = 3F797C9D223C34EF00071B42 /* Ethernet.tiff */; };
		3F797CA1223C34EF00071B42 /* Airport.tiff in Resources */ = {isa = PBXBuildFile; fileRef = 3F797C9E223C34EF00071B42 /* Airport.tiff */; };
/* End PBXBuildFile section */

/* Begin PBXFileReference section */
		3F797C82223C120500071B42 /* Network.prefPane */ = {isa = PBXFileReference; explicitFileType = wrapper.cfbundle; includeInIndex = 0; path = Network.prefPane; sourceTree = BUILT_PRODUCTS_DIR; };
		3F797C85223C120500071B42 /* Network.h */ = {isa = PBXFileReference; lastKnownFileType = sourcecode.c.h; path = Network.h; sourceTree = "<group>"; };
		3F797C87223C120500071B42 /* Network.m */ = {isa = PBXFileReference; lastKnownFileType = sourcecode.c.objc; path = Network.m; sourceTree = "<group>"; };
		3F797C89223C120500071B42 /* Network.tiff */ = {isa = PBXFileReference; lastKnownFileType = image.tiff; path = Network.tiff; sourceTree = "<group>"; };
		3F797C8C223C120500071B42 /* Base */ = {isa = PBXFileReference; lastKnownFileType = file.xib; name = Base; path = Base.lproj/Network.xib; sourceTree = "<group>"; };
		3F797C8E223C120500071B42 /* Info.plist */ = {isa = PBXFileReference; lastKnownFileType = text.plist.xml; path = Info.plist; sourceTree = "<group>"; };
		3F797C94223C33F100071B42 /* AppLock.png */ = {isa = PBXFileReference; lastKnownFileType = image.png; path = AppLock.png; sourceTree = "<group>"; };
		3F797C95223C33F100071B42 /* yellow.tiff */ = {isa = PBXFileReference; lastKnownFileType = image.tiff; path = yellow.tiff; sourceTree = "<group>"; };
		3F797C96223C33F100071B42 /* red.tiff */ = {isa = PBXFileReference; lastKnownFileType = image.tiff; path = red.tiff; sourceTree = "<group>"; };
		3F797C97223C33F100071B42 /* green.tiff */ = {isa = PBXFileReference; lastKnownFileType = image.tiff; path = green.tiff; sourceTree = "<group>"; };
		3F797C9C223C34EF00071B42 /* BlueTooth.tiff */ = {isa = PBXFileReference; lastKnownFileType = image.tiff; path = BlueTooth.tiff; sourceTree = "<group>"; };
		3F797C9D223C34EF00071B42 /* Ethernet.tiff */ = {isa = PBXFileReference; lastKnownFileType = image.tiff; path = Ethernet.tiff; sourceTree = "<group>"; };
		3F797C9E223C34EF00071B42 /* Airport.tiff */ = {isa = PBXFileReference; lastKnownFileType = image.tiff; path = Airport.tiff; sourceTree = "<group>"; };
/* End PBXFileReference section */

/* Begin PBXFrameworksBuildPhase section */
		3F797C7F223C120500071B42 /* Frameworks */ = {
			isa = PBXFrameworksBuildPhase;
			buildActionMask = 2147483647;
			files = (
			);
			runOnlyForDeploymentPostprocessing = 0;
		};
/* End PBXFrameworksBuildPhase section */

/* Begin PBXGroup section */
		3F797C78223C120500071B42 = {
			isa = PBXGroup;
			children = (
				3F797C84223C120500071B42 /* Network */,
				3F797C83223C120500071B42 /* Products */,
			);
			sourceTree = "<group>";
		};
		3F797C83223C120500071B42 /* Products */ = {
			isa = PBXGroup;
			children = (
				3F797C82223C120500071B42 /* Network.prefPane */,
			);
			name = Products;
			sourceTree = "<group>";
		};
		3F797C84223C120500071B42 /* Network */ = {
			isa = PBXGroup;
			children = (
				3F797C9E223C34EF00071B42 /* Airport.tiff */,
				3F797C9C223C34EF00071B42 /* BlueTooth.tiff */,
				3F797C9D223C34EF00071B42 /* Ethernet.tiff */,
				3F797C94223C33F100071B42 /* AppLock.png */,
				3F797C97223C33F100071B42 /* green.tiff */,
				3F797C96223C33F100071B42 /* red.tiff */,
				3F797C95223C33F100071B42 /* yellow.tiff */,
				3F797C85223C120500071B42 /* Network.h */,
				3F797C87223C120500071B42 /* Network.m */,
				3F797C89223C120500071B42 /* Network.tiff */,
				3F797C8B223C120500071B42 /* Network.xib */,
				3F797C8E223C120500071B42 /* Info.plist */,
			);
			path = Network;
			sourceTree = "<group>";
		};
/* End PBXGroup section */

/* Begin PBXHeadersBuildPhase section */
		3F797C7D223C120500071B42 /* Headers */ = {
			isa = PBXHeadersBuildPhase;
			buildActionMask = 2147483647;
			files = (
				3F797C86223C120500071B42 /* Network.h in Headers */,
			);
			runOnlyForDeploymentPostprocessing = 0;
		};
/* End PBXHeadersBuildPhase section */

/* Begin PBXNativeTarget section */
		3F797C81223C120500071B42 /* Network */ = {
			isa = PBXNativeTarget;
			buildConfigurationList = 3F797C91223C120500071B42 /* Build configuration list for PBXNativeTarget "Network" */;
			buildPhases = (
				3F797C7D223C120500071B42 /* Headers */,
				3F797C7E223C120500071B42 /* Sources */,
				3F797C7F223C120500071B42 /* Frameworks */,
				3F797C80223C120500071B42 /* Resources */,
			);
			buildRules = (
			);
			dependencies = (
			);
			name = Network;
			productName = Network;
			productReference = 3F797C82223C120500071B42 /* Network.prefPane */;
			productType = "com.apple.product-type.bundle";
		};
/* End PBXNativeTarget section */

/* Begin PBXProject section */
		3F797C79223C120500071B42 /* Project object */ = {
			isa = PBXProject;
			attributes = {
				LastUpgradeCheck = 1010;
				ORGANIZATIONNAME = Student;
				TargetAttributes = {
					3F797C81223C120500071B42 = {
						CreatedOnToolsVersion = 10.1;
					};
				};
			};
			buildConfigurationList = 3F797C7C223C120500071B42 /* Build configuration list for PBXProject "Network" */;
			compatibilityVersion = "Xcode 9.3";
			developmentRegion = en;
			hasScannedForEncodings = 0;
			knownRegions = (
				en,
				Base,
			);
			mainGroup = 3F797C78223C120500071B42;
			productRefGroup = 3F797C83223C120500071B42 /* Products */;
			projectDirPath = "";
			projectRoot = "";
			targets = (
				3F797C81223C120500071B42 /* Network */,
			);
		};
/* End PBXProject section */

/* Begin PBXResourcesBuildPhase section */
		3F797C80223C120500071B42 /* Resources */ = {
			isa = PBXResourcesBuildPhase;
			buildActionMask = 2147483647;
			files = (
				3F797C8D223C120500071B42 /* Network.xib in Resources */,
				3F797C9A223C33F100071B42 /* red.tiff in Resources */,
				3F797C9B223C33F100071B42 /* green.tiff in Resources */,
				3F797CA0223C34EF00071B42 /* Ethernet.tiff in Resources */,
				3F797C9F223C34EF00071B42 /* BlueTooth.tiff in Resources */,
				3F797CA1223C34EF00071B42 /* Airport.tiff in Resources */,
				3F797C98223C33F100071B42 /* AppLock.png in Resources */,
				3F797C99223C33F100071B42 /* yellow.tiff in Resources */,
				3F797C8A223C120500071B42 /* Network.tiff in Resources */,
			);
			runOnlyForDeploymentPostprocessing = 0;
		};
/* End PBXResourcesBuildPhase section */

/* Begin PBXSourcesBuildPhase section */
		3F797C7E223C120500071B42 /* Sources */ = {
			isa = PBXSourcesBuildPhase;
			buildActionMask = 2147483647;
			files = (
				3F797C88223C120500071B42 /* Network.m in Sources */,
			);
			runOnlyForDeploymentPostprocessing = 0;
		};
/* End PBXSourcesBuildPhase section */

/* Begin PBXVariantGroup section */
		3F797C8B223C120500071B42 /* Network.xib */ = {
			isa = PBXVariantGroup;
			children = (
				3F797C8C223C120500071B42 /* Base */,
			);
			name = Network.xib;
			sourceTree = "<group>";
		};
/* End PBXVariantGroup section */

/* Begin XCBuildConfiguration section */
		3F797C8F223C120500071B42 /* Debug */ = {
			isa = XCBuildConfiguration;
			buildSettings = {
				ALWAYS_SEARCH_USER_PATHS = NO;
				CLANG_ANALYZER_NONNULL = YES;
				CLANG_ANALYZER_NUMBER_OBJECT_CONVERSION = YES_AGGRESSIVE;
				CLANG_CXX_LANGUAGE_STANDARD = "gnu++14";
				CLANG_CXX_LIBRARY = "libc++";
				CLANG_ENABLE_MODULES = YES;
				CLANG_ENABLE_OBJC_ARC = YES;
				CLANG_ENABLE_OBJC_WEAK = YES;
				CLANG_WARN_BLOCK_CAPTURE_AUTORELEASING = YES;
				CLANG_WARN_BOOL_CONVERSION = YES;
				CLANG_WARN_COMMA = YES;
				CLANG_WARN_CONSTANT_CONVERSION = YES;
				CLANG_WARN_DEPRECATED_OBJC_IMPLEMENTATIONS = YES;
				CLANG_WARN_DIRECT_OBJC_ISA_USAGE = YES_ERROR;
				CLANG_WARN_DOCUMENTATION_COMMENTS = YES;
				CLANG_WARN_EMPTY_BODY = YES;
				CLANG_WARN_ENUM_CONVERSION = YES;
				CLANG_WARN_INFINITE_RECURSION = YES;
				CLANG_WARN_INT_CONVERSION = YES;
				CLANG_WARN_NON_LITERAL_NULL_CONVERSION = YES;
				CLANG_WARN_OBJC_IMPLICIT_RETAIN_SELF = YES;
				CLANG_WARN_OBJC_LITERAL_CONVERSION = YES;
				CLANG_WARN_OBJC_ROOT_CLASS = YES_ERROR;
				CLANG_WARN_RANGE_LOOP_ANALYSIS = YES;
				CLANG_WARN_STRICT_PROTOTYPES = YES;
				CLANG_WARN_SUSPICIOUS_MOVE = YES;
				CLANG_WARN_UNGUARDED_AVAILABILITY = YES_AGGRESSIVE;
				CLANG_WARN_UNREACHABLE_CODE = YES;
				CLANG_WARN__DUPLICATE_METHOD_MATCH = YES;
				CODE_SIGN_IDENTITY = "-";
				COPY_PHASE_STRIP = NO;
				DEBUG_INFORMATION_FORMAT = dwarf;
				ENABLE_STRICT_OBJC_MSGSEND = YES;
				ENABLE_TESTABILITY = YES;
				GCC_C_LANGUAGE_STANDARD = gnu11;
				GCC_DYNAMIC_NO_PIC = NO;
				GCC_NO_COMMON_BLOCKS = YES;
				GCC_OPTIMIZATION_LEVEL = 0;
				GCC_PREPROCESSOR_DEFINITIONS = (
					"DEBUG=1",
					"$(inherited)",
				);
				GCC_WARN_64_TO_32_BIT_CONVERSION = YES;
				GCC_WARN_ABOUT_RETURN_TYPE = YES_ERROR;
				GCC_WARN_UNDECLARED_SELECTOR = YES;
				GCC_WARN_UNINITIALIZED_AUTOS = YES_AGGRESSIVE;
				GCC_WARN_UNUSED_FUNCTION = YES;
				GCC_WARN_UNUSED_VARIABLE = YES;
				MACOSX_DEPLOYMENT_TARGET = 10.14;
				MTL_ENABLE_DEBUG_INFO = INCLUDE_SOURCE;
				MTL_FAST_MATH = YES;
				ONLY_ACTIVE_ARCH = YES;
				SDKROOT = macosx;
			};
			name = Debug;
		};
		3F797C90223C120500071B42 /* Release */ = {
			isa = XCBuildConfiguration;
			buildSettings = {
				ALWAYS_SEARCH_USER_PATHS = NO;
				CLANG_ANALYZER_NONNULL = YES;
				CLANG_ANALYZER_NUMBER_OBJECT_CONVERSION = YES_AGGRESSIVE;
				CLANG_CXX_LANGUAGE_STANDARD = "gnu++14";
				CLANG_CXX_LIBRARY = "libc++";
				CLANG_ENABLE_MODULES = YES;
				CLANG_ENABLE_OBJC_ARC = YES;
				CLANG_ENABLE_OBJC_WEAK = YES;
				CLANG_WARN_BLOCK_CAPTURE_AUTORELEASING = YES;
				CLANG_WARN_BOOL_CONVERSION = YES;
				CLANG_WARN_COMMA = YES;
				CLANG_WARN_CONSTANT_CONVERSION = YES;
				CLANG_WARN_DEPRECATED_OBJC_IMPLEMENTATIONS = YES;
				CLANG_WARN_DIRECT_OBJC_ISA_USAGE = YES_ERROR;
				CLANG_WARN_DOCUMENTATION_COMMENTS = YES;
				CLANG_WARN_EMPTY_BODY = YES;
				CLANG_WARN_ENUM_CONVERSION = YES;
				CLANG_WARN_INFINITE_RECURSION = YES;
				CLANG_WARN_INT_CONVERSION = YES;
				CLANG_WARN_NON_LITERAL_NULL_CONVERSION = YES;
				CLANG_WARN_OBJC_IMPLICIT_RETAIN_SELF = YES;
				CLANG_WARN_OBJC_LITERAL_CONVERSION = YES;
				CLANG_WARN_OBJC_ROOT_CLASS = YES_ERROR;
				CLANG_WARN_RANGE_LOOP_ANALYSIS = YES;
				CLANG_WARN_STRICT_PROTOTYPES = YES;
				CLANG_WARN_SUSPICIOUS_MOVE = YES;
				CLANG_WARN_UNGUARDED_AVAILABILITY = YES_AGGRESSIVE;
				CLANG_WARN_UNREACHABLE_CODE = YES;
				CLANG_WARN__DUPLICATE_METHOD_MATCH = YES;
				CODE_SIGN_IDENTITY = "-";
				COPY_PHASE_STRIP = NO;
				DEBUG_INFORMATION_FORMAT = "dwarf-with-dsym";
				ENABLE_NS_ASSERTIONS = NO;
				ENABLE_STRICT_OBJC_MSGSEND = YES;
				GCC_C_LANGUAGE_STANDARD = gnu11;
				GCC_NO_COMMON_BLOCKS = YES;
				GCC_WARN_64_TO_32_BIT_CONVERSION = YES;
				GCC_WARN_ABOUT_RETURN_TYPE = YES_ERROR;
				GCC_WARN_UNDECLARED_SELECTOR = YES;
				GCC_WARN_UNINITIALIZED_AUTOS = YES_AGGRESSIVE;
				GCC_WARN_UNUSED_FUNCTION = YES;
				GCC_WARN_UNUSED_VARIABLE = YES;
				MACOSX_DEPLOYMENT_TARGET = 10.14;
				MTL_ENABLE_DEBUG_INFO = NO;
				MTL_FAST_MATH = YES;
				SDKROOT = macosx;
			};
			name = Release;
		};
		3F797C92223C120500071B42 /* Debug */ = {
			isa = XCBuildConfiguration;
			buildSettings = {
				CODE_SIGN_STYLE = Automatic;
				COMBINE_HIDPI_IMAGES = YES;
				INFOPLIST_FILE = Network/Info.plist;
				INSTALL_PATH = "$(HOME)/Library/PreferencePanes";
				PRODUCT_BUNDLE_IDENTIFIER = com.efi.getrekt.Network;
				PRODUCT_NAME = "$(TARGET_NAME)";
				WRAPPER_EXTENSION = prefPane;
			};
			name = Debug;
		};
		3F797C93223C120500071B42 /* Release */ = {
			isa = XCBuildConfiguration;
			buildSettings = {
				CODE_SIGN_STYLE = Automatic;
				COMBINE_HIDPI_IMAGES = YES;
				INFOPLIST_FILE = Network/Info.plist;
				INSTALL_PATH = "$(HOME)/Library/PreferencePanes";
				PRODUCT_BUNDLE_IDENTIFIER = com.efi.getrekt.Network;
				PRODUCT_NAME = "$(TARGET_NAME)";
				WRAPPER_EXTENSION = prefPane;
			};
			name = Release;
		};
/* End XCBuildConfiguration section */

/* Begin XCConfigurationList section */
		3F797C7C223C120500071B42 /* Build configuration list for PBXProject "Network" */ = {
			isa = XCConfigurationList;
			buildConfigurations = (
				3F797C8F223C120500071B42 /* Debug */,
				3F797C90223C120500071B42 /* Release */,
			);
			defaultConfigurationIsVisible = 0;
			defaultConfigurationName = Release;
		};
		3F797C91223C120500071B42 /* Build configuration list for PBXNativeTarget "Network" */ = {
			isa = XCConfigurationList;
			buildConfigurations = (
				3F797C92223C120500071B42 /* Debug */,
				3F797C93223C120500071B42 /* Release */,
			);
			defaultConfigurationIsVisible = 0;
			defaultConfigurationName = Release;
		};
/* End XCConfigurationList section */
	};
	rootObject = 3F797C79223C120500071B42 /* Project object */;
}
